// !$*UTF8*$!
{
	archiveVersion = 1;
	classes = {
	};
	objectVersion = 46;
	objects = {

/* Begin PBXBuildFile section */
		0E25074F1BB82B0200FD48F7 /* extension NSDate.swift in Sources */ = {isa = PBXBuildFile; fileRef = 0E25074E1BB82B0200FD48F7 /* extension NSDate.swift */; settings = {ASSET_TAGS = (); }; };
		0E3F10591BAEBC3C00C68D94 /* SettingViewController.swift in Sources */ = {isa = PBXBuildFile; fileRef = 0E3F10581BAEBC3C00C68D94 /* SettingViewController.swift */; settings = {ASSET_TAGS = (); }; };
		0E7C01AA1BAD65E00076BE7A /* AppDelegate.swift in Sources */ = {isa = PBXBuildFile; fileRef = 0E7C01A91BAD65E00076BE7A /* AppDelegate.swift */; };
		0E7C01AC1BAD65E00076BE7A /* MasterViewController.swift in Sources */ = {isa = PBXBuildFile; fileRef = 0E7C01AB1BAD65E00076BE7A /* MasterViewController.swift */; };
		0E7C01AE1BAD65E00076BE7A /* DetailViewController.swift in Sources */ = {isa = PBXBuildFile; fileRef = 0E7C01AD1BAD65E00076BE7A /* DetailViewController.swift */; };
		0E7C01B11BAD65E00076BE7A /* Main.storyboard in Resources */ = {isa = PBXBuildFile; fileRef = 0E7C01AF1BAD65E00076BE7A /* Main.storyboard */; };
		0E7C01B61BAD65E00076BE7A /* LaunchScreen.storyboard in Resources */ = {isa = PBXBuildFile; fileRef = 0E7C01B41BAD65E00076BE7A /* LaunchScreen.storyboard */; };
		0E7C01BE1BAD65F30076BE7A /* Diary.swift in Sources */ = {isa = PBXBuildFile; fileRef = 0E7C01BD1BAD65F30076BE7A /* Diary.swift */; settings = {ASSET_TAGS = (); }; };
		0E9C39001BB722B800661F17 /* DatePickerViewController.swift in Sources */ = {isa = PBXBuildFile; fileRef = 0E9C38FF1BB722B800661F17 /* DatePickerViewController.swift */; settings = {ASSET_TAGS = (); }; };
		0ED5B1941BB5BE0B00552AF8 /* MasterTableViewCell.swift in Sources */ = {isa = PBXBuildFile; fileRef = 0ED5B1931BB5BE0B00552AF8 /* MasterTableViewCell.swift */; settings = {ASSET_TAGS = (); }; };
		0EDC09321BB1552500BCFB0B /* Assets.xcassets in Resources */ = {isa = PBXBuildFile; fileRef = 0EDC09311BB1552500BCFB0B /* Assets.xcassets */; settings = {ASSET_TAGS = (); }; };
/* End PBXBuildFile section */

/* Begin PBXFileReference section */
		0E25074E1BB82B0200FD48F7 /* extension NSDate.swift */ = {isa = PBXFileReference; fileEncoding = 4; lastKnownFileType = sourcecode.swift; path = "extension NSDate.swift"; sourceTree = "<group>"; };
		0E3F10581BAEBC3C00C68D94 /* SettingViewController.swift */ = {isa = PBXFileReference; fileEncoding = 4; lastKnownFileType = sourcecode.swift; path = SettingViewController.swift; sourceTree = "<group>"; };
		0E7C01A61BAD65E00076BE7A /* Diary.app */ = {isa = PBXFileReference; explicitFileType = wrapper.application; includeInIndex = 0; path = Diary.app; sourceTree = BUILT_PRODUCTS_DIR; };
		0E7C01A91BAD65E00076BE7A /* AppDelegate.swift */ = {isa = PBXFileReference; lastKnownFileType = sourcecode.swift; path = AppDelegate.swift; sourceTree = "<group>"; };
		0E7C01AB1BAD65E00076BE7A /* MasterViewController.swift */ = {isa = PBXFileReference; lastKnownFileType = sourcecode.swift; path = MasterViewController.swift; sourceTree = "<group>"; };
		0E7C01AD1BAD65E00076BE7A /* DetailViewController.swift */ = {isa = PBXFileReference; lastKnownFileType = sourcecode.swift; path = DetailViewController.swift; sourceTree = "<group>"; };
		0E7C01B01BAD65E00076BE7A /* Base */ = {isa = PBXFileReference; lastKnownFileType = file.storyboard; name = Base; path = Base.lproj/Main.storyboard; sourceTree = "<group>"; };
		0E7C01B51BAD65E00076BE7A /* Base */ = {isa = PBXFileReference; lastKnownFileType = file.storyboard; name = Base; path = Base.lproj/LaunchScreen.storyboard; sourceTree = "<group>"; };
		0E7C01B71BAD65E00076BE7A /* Info.plist */ = {isa = PBXFileReference; lastKnownFileType = text.plist.xml; path = Info.plist; sourceTree = "<group>"; };
		0E7C01BD1BAD65F30076BE7A /* Diary.swift */ = {isa = PBXFileReference; fileEncoding = 4; lastKnownFileType = sourcecode.swift; path = Diary.swift; sourceTree = "<group>"; };
		0E9C38FF1BB722B800661F17 /* DatePickerViewController.swift */ = {isa = PBXFileReference; fileEncoding = 4; lastKnownFileType = sourcecode.swift; path = DatePickerViewController.swift; sourceTree = "<group>"; };
		0ED5B1931BB5BE0B00552AF8 /* MasterTableViewCell.swift */ = {isa = PBXFileReference; fileEncoding = 4; lastKnownFileType = sourcecode.swift; path = MasterTableViewCell.swift; sourceTree = "<group>"; };
		0EDC09311BB1552500BCFB0B /* Assets.xcassets */ = {isa = PBXFileReference; lastKnownFileType = folder.assetcatalog; path = Assets.xcassets; sourceTree = "<group>"; };
/* End PBXFileReference section */

/* Begin PBXFrameworksBuildPhase section */
		0E7C01A31BAD65E00076BE7A /* Frameworks */ = {
			isa = PBXFrameworksBuildPhase;
			buildActionMask = 2147483647;
			files = (
			);
			runOnlyForDeploymentPostprocessing = 0;
		};
/* End PBXFrameworksBuildPhase section */

/* Begin PBXGroup section */
		0E7C019D1BAD65E00076BE7A = {
			isa = PBXGroup;
			children = (
				0E7C01A81BAD65E00076BE7A /* Diary */,
				0E7C01A71BAD65E00076BE7A /* Products */,
			);
			sourceTree = "<group>";
		};
		0E7C01A71BAD65E00076BE7A /* Products */ = {
			isa = PBXGroup;
			children = (
				0E7C01A61BAD65E00076BE7A /* Diary.app */,
			);
			name = Products;
			sourceTree = "<group>";
		};
		0E7C01A81BAD65E00076BE7A /* Diary */ = {
			isa = PBXGroup;
			children = (
				0EDC09311BB1552500BCFB0B /* Assets.xcassets */,
				0E7C01A91BAD65E00076BE7A /* AppDelegate.swift */,
				0E7C01AB1BAD65E00076BE7A /* MasterViewController.swift */,
				0ED5B1931BB5BE0B00552AF8 /* MasterTableViewCell.swift */,
				0E7C01BD1BAD65F30076BE7A /* Diary.swift */,
				0E7C01AD1BAD65E00076BE7A /* DetailViewController.swift */,
				0E7C01AF1BAD65E00076BE7A /* Main.storyboard */,
				0E9C38FF1BB722B800661F17 /* DatePickerViewController.swift */,
				0E3F10581BAEBC3C00C68D94 /* SettingViewController.swift */,
				0E7C01B41BAD65E00076BE7A /* LaunchScreen.storyboard */,
				0E7C01B71BAD65E00076BE7A /* Info.plist */,
				0E25074E1BB82B0200FD48F7 /* extension NSDate.swift */,
			);
			path = Diary;
			sourceTree = "<group>";
		};
/* End PBXGroup section */

/* Begin PBXNativeTarget section */
		0E7C01A51BAD65E00076BE7A /* Diary */ = {
			isa = PBXNativeTarget;
			buildConfigurationList = 0E7C01BA1BAD65E00076BE7A /* Build configuration list for PBXNativeTarget "Diary" */;
			buildPhases = (
				0E7C01A21BAD65E00076BE7A /* Sources */,
				0E7C01A31BAD65E00076BE7A /* Frameworks */,
				0E7C01A41BAD65E00076BE7A /* Resources */,
			);
			buildRules = (
			);
			dependencies = (
			);
			name = Diary;
			productName = Diary;
			productReference = 0E7C01A61BAD65E00076BE7A /* Diary.app */;
			productType = "com.apple.product-type.application";
		};
/* End PBXNativeTarget section */

/* Begin PBXProject section */
		0E7C019E1BAD65E00076BE7A /* Project object */ = {
			isa = PBXProject;
			attributes = {
				LastUpgradeCheck = 0700;
				ORGANIZATIONNAME = Beloizerov;
				TargetAttributes = {
					0E7C01A51BAD65E00076BE7A = {
						CreatedOnToolsVersion = 7.0;
						DevelopmentTeam = 926P5GZMZK;
					};
				};
			};
			buildConfigurationList = 0E7C01A11BAD65E00076BE7A /* Build configuration list for PBXProject "Diary" */;
			compatibilityVersion = "Xcode 3.2";
			developmentRegion = English;
			hasScannedForEncodings = 0;
			knownRegions = (
				en,
				Base,
			);
			mainGroup = 0E7C019D1BAD65E00076BE7A;
			productRefGroup = 0E7C01A71BAD65E00076BE7A /* Products */;
			projectDirPath = "";
			projectRoot = "";
			targets = (
				0E7C01A51BAD65E00076BE7A /* Diary */,
			);
		};
/* End PBXProject section */

/* Begin PBXResourcesBuildPhase section */
		0E7C01A41BAD65E00076BE7A /* Resources */ = {
			isa = PBXResourcesBuildPhase;
			buildActionMask = 2147483647;
			files = (
				0E7C01B61BAD65E00076BE7A /* LaunchScreen.storyboard in Resources */,
				0EDC09321BB1552500BCFB0B /* Assets.xcassets in Resources */,
				0E7C01B11BAD65E00076BE7A /* Main.storyboard in Resources */,
			);
			runOnlyForDeploymentPostprocessing = 0;
		};
/* End PBXResourcesBuildPhase section */

/* Begin PBXSourcesBuildPhase section */
		0E7C01A21BAD65E00076BE7A /* Sources */ = {
			isa = PBXSourcesBuildPhase;
			buildActionMask = 2147483647;
			files = (
				0E3F10591BAEBC3C00C68D94 /* SettingViewController.swift in Sources */,
				0ED5B1941BB5BE0B00552AF8 /* MasterTableViewCell.swift in Sources */,
				0E9C39001BB722B800661F17 /* DatePickerViewController.swift in Sources */,
				0E7C01AE1BAD65E00076BE7A /* DetailViewController.swift in Sources */,
				0E7C01AC1BAD65E00076BE7A /* MasterViewController.swift in Sources */,
				0E25074F1BB82B0200FD48F7 /* extension NSDate.swift in Sources */,
				0E7C01AA1BAD65E00076BE7A /* AppDelegate.swift in Sources */,
				0E7C01BE1BAD65F30076BE7A /* Diary.swift in Sources */,
			);
			runOnlyForDeploymentPostprocessing = 0;
		};
/* End PBXSourcesBuildPhase section */

/* Begin PBXVariantGroup section */
		0E7C01AF1BAD65E00076BE7A /* Main.storyboard */ = {
			isa = PBXVariantGroup;
			children = (
				0E7C01B01BAD65E00076BE7A /* Base */,
			);
			name = Main.storyboard;
			sourceTree = "<group>";
		};
		0E7C01B41BAD65E00076BE7A /* LaunchScreen.storyboard */ = {
			isa = PBXVariantGroup;
			children = (
				0E7C01B51BAD65E00076BE7A /* Base */,
			);
			name = LaunchScreen.storyboard;
			sourceTree = "<group>";
		};
/* End PBXVariantGroup section */

/* Begin XCBuildConfiguration section */
		0E7C01B81BAD65E00076BE7A /* Debug */ = {
			isa = XCBuildConfiguration;
			buildSettings = {
				ALWAYS_SEARCH_USER_PATHS = NO;
				CLANG_CXX_LANGUAGE_STANDARD = "gnu++0x";
				CLANG_CXX_LIBRARY = "libc++";
				CLANG_ENABLE_MODULES = YES;
				CLANG_ENABLE_OBJC_ARC = YES;
				CLANG_WARN_BOOL_CONVERSION = YES;
				CLANG_WARN_CONSTANT_CONVERSION = YES;
				CLANG_WARN_DIRECT_OBJC_ISA_USAGE = YES_ERROR;
				CLANG_WARN_EMPTY_BODY = YES;
				CLANG_WARN_ENUM_CONVERSION = YES;
				CLANG_WARN_INT_CONVERSION = YES;
				CLANG_WARN_OBJC_ROOT_CLASS = YES_ERROR;
				CLANG_WARN_UNREACHABLE_CODE = YES;
				CLANG_WARN__DUPLICATE_METHOD_MATCH = YES;
				"CODE_SIGN_IDENTITY[sdk=iphoneos*]" = "iPhone Developer";
				COPY_PHASE_STRIP = NO;
				DEBUG_INFORMATION_FORMAT = dwarf;
				ENABLE_STRICT_OBJC_MSGSEND = YES;
				ENABLE_TESTABILITY = YES;
				GCC_C_LANGUAGE_STANDARD = gnu99;
				GCC_DYNAMIC_NO_PIC = NO;
				GCC_NO_COMMON_BLOCKS = YES;
				GCC_OPTIMIZATION_LEVEL = 0;
				GCC_PREPROCESSOR_DEFINITIONS = (
					"DEBUG=1",
					"$(inherited)",
				);
				GCC_WARN_64_TO_32_BIT_CONVERSION = YES;
				GCC_WARN_ABOUT_RETURN_TYPE = YES_ERROR;
				GCC_WARN_UNDECLARED_SELECTOR = YES;
				GCC_WARN_UNINITIALIZED_AUTOS = YES_AGGRESSIVE;
				GCC_WARN_UNUSED_FUNCTION = YES;
				GCC_WARN_UNUSED_VARIABLE = YES;
				IPHONEOS_DEPLOYMENT_TARGET = 9.0;
				MTL_ENABLE_DEBUG_INFO = YES;
				ONLY_ACTIVE_ARCH = YES;
				SDKROOT = iphoneos;
				SWIFT_OPTIMIZATION_LEVEL = "-Onone";
			};
			name = Debug;
		};
		0E7C01B91BAD65E00076BE7A /* Release */ = {
			isa = XCBuildConfiguration;
			buildSettings = {
				ALWAYS_SEARCH_USER_PATHS = NO;
				CLANG_CXX_LANGUAGE_STANDARD = "gnu++0x";
				CLANG_CXX_LIBRARY = "libc++";
				CLANG_ENABLE_MODULES = YES;
				CLANG_ENABLE_OBJC_ARC = YES;
				CLANG_WARN_BOOL_CONVERSION = YES;
				CLANG_WARN_CONSTANT_CONVERSION = YES;
				CLANG_WARN_DIRECT_OBJC_ISA_USAGE = YES_ERROR;
				CLANG_WARN_EMPTY_BODY = YES;
				CLANG_WARN_ENUM_CONVERSION = YES;
				CLANG_WARN_INT_CONVERSION = YES;
				CLANG_WARN_OBJC_ROOT_CLASS = YES_ERROR;
				CLANG_WARN_UNREACHABLE_CODE = YES;
				CLANG_WARN__DUPLICATE_METHOD_MATCH = YES;
				"CODE_SIGN_IDENTITY[sdk=iphoneos*]" = "iPhone Developer";
				COPY_PHASE_STRIP = NO;
				DEBUG_INFORMATION_FORMAT = "dwarf-with-dsym";
				ENABLE_NS_ASSERTIONS = NO;
				ENABLE_STRICT_OBJC_MSGSEND = YES;
				GCC_C_LANGUAGE_STANDARD = gnu99;
				GCC_NO_COMMON_BLOCKS = YES;
				GCC_WARN_64_TO_32_BIT_CONVERSION = YES;
				GCC_WARN_ABOUT_RETURN_TYPE = YES_ERROR;
				GCC_WARN_UNDECLARED_SELECTOR = YES;
				GCC_WARN_UNINITIALIZED_AUTOS = YES_AGGRESSIVE;
				GCC_WARN_UNUSED_FUNCTION = YES;
				GCC_WARN_UNUSED_VARIABLE = YES;
				IPHONEOS_DEPLOYMENT_TARGET = 9.0;
				MTL_ENABLE_DEBUG_INFO = NO;
				SDKROOT = iphoneos;
				VALIDATE_PRODUCT = YES;
			};
			name = Release;
		};
		0E7C01BB1BAD65E00076BE7A /* Debug */ = {
			isa = XCBuildConfiguration;
			buildSettings = {
				ASSETCATALOG_COMPILER_APPICON_NAME = AppIcon;
				CODE_SIGN_IDENTITY = "iPhone Developer";
				"CODE_SIGN_IDENTITY[sdk=iphoneos*]" = "iPhone Developer";
				INFOPLIST_FILE = Diary/Info.plist;
				LD_RUNPATH_SEARCH_PATHS = "$(inherited) @executable_path/Frameworks";
				PRODUCT_BUNDLE_IDENTIFIER = Home.Diary;
				PRODUCT_NAME = "$(TARGET_NAME)";
				PROVISIONING_PROFILE = "";
			};
			name = Debug;
		};
		0E7C01BC1BAD65E00076BE7A /* Release */ = {
			isa = XCBuildConfiguration;
			buildSettings = {
				ASSETCATALOG_COMPILER_APPICON_NAME = AppIcon;
				CODE_SIGN_IDENTITY = "iPhone Developer";
				"CODE_SIGN_IDENTITY[sdk=iphoneos*]" = "iPhone Developer";
				INFOPLIST_FILE = Diary/Info.plist;
				LD_RUNPATH_SEARCH_PATHS = "$(inherited) @executable_path/Frameworks";
				PRODUCT_BUNDLE_IDENTIFIER = Home.Diary;
				PRODUCT_NAME = "$(TARGET_NAME)";
				PROVISIONING_PROFILE = "";
			};
			name = Release;
		};
/* End XCBuildConfiguration section */

/* Begin XCConfigurationList section */
		0E7C01A11BAD65E00076BE7A /* Build configuration list for PBXProject "Diary" */ = {
			isa = XCConfigurationList;
			buildConfigurations = (
				0E7C01B81BAD65E00076BE7A /* Debug */,
				0E7C01B91BAD65E00076BE7A /* Release */,
			);
			defaultConfigurationIsVisible = 0;
			defaultConfigurationName = Release;
		};
		0E7C01BA1BAD65E00076BE7A /* Build configuration list for PBXNativeTarget "Diary" */ = {
			isa = XCConfigurationList;
			buildConfigurations = (
				0E7C01BB1BAD65E00076BE7A /* Debug */,
				0E7C01BC1BAD65E00076BE7A /* Release */,
			);
			defaultConfigurationIsVisible = 0;
			defaultConfigurationName = Release;
		};
/* End XCConfigurationList section */
	};
	rootObject = 0E7C019E1BAD65E00076BE7A /* Project object */;
}
